// !$*UTF8*$!
{
	archiveVersion = 1;
	classes = {
	};
	objectVersion = 55;
	objects = {

/* Begin PBXBuildFile section */
		A443E37BB2F84F5EDED120A5 /* Pods_swiftui_nasaTests.framework in Frameworks */ = {isa = PBXBuildFile; fileRef = 534B6975275DFF704B8E0A21 /* Pods_swiftui_nasaTests.framework */; };
		A66DDF5434E659439A45C6CE /* Pods_swiftui_nasa.framework in Frameworks */ = {isa = PBXBuildFile; fileRef = 2FC781A106A4213FB9175252 /* Pods_swiftui_nasa.framework */; };
		AF43CDD327287C5F00871017 /* swiftui_nasaApp.swift in Sources */ = {isa = PBXBuildFile; fileRef = AF43CDD227287C5F00871017 /* swiftui_nasaApp.swift */; };
		AF43CDD727287C6100871017 /* Assets.xcassets in Resources */ = {isa = PBXBuildFile; fileRef = AF43CDD627287C6100871017 /* Assets.xcassets */; };
		AF43CDDA27287C6100871017 /* Preview Assets.xcassets in Resources */ = {isa = PBXBuildFile; fileRef = AF43CDD927287C6100871017 /* Preview Assets.xcassets */; };
		AF43CDE427287C6200871017 /* swiftui_nasaTests.swift in Sources */ = {isa = PBXBuildFile; fileRef = AF43CDE327287C6200871017 /* swiftui_nasaTests.swift */; };
		AF43CDEE27287C6200871017 /* swiftui_nasaUITests.swift in Sources */ = {isa = PBXBuildFile; fileRef = AF43CDED27287C6200871017 /* swiftui_nasaUITests.swift */; };
		AF43CDF027287C6200871017 /* swiftui_nasaUITestsLaunchTests.swift in Sources */ = {isa = PBXBuildFile; fileRef = AF43CDEF27287C6200871017 /* swiftui_nasaUITestsLaunchTests.swift */; };
		AFC39BE52729120D004244A0 /* QGrid in Frameworks */ = {isa = PBXBuildFile; productRef = AFC39BE42729120D004244A0 /* QGrid */; };
		AFC39BF4272914DB004244A0 /* RoverModel.swift in Sources */ = {isa = PBXBuildFile; fileRef = AFC39BEC272914DB004244A0 /* RoverModel.swift */; };
		AFC39BF5272914DB004244A0 /* RoverCameraModel.swift in Sources */ = {isa = PBXBuildFile; fileRef = AFC39BED272914DB004244A0 /* RoverCameraModel.swift */; };
		AFC39BF6272914DB004244A0 /* RoverPhotosModel.swift in Sources */ = {isa = PBXBuildFile; fileRef = AFC39BEE272914DB004244A0 /* RoverPhotosModel.swift */; };
		AFC39BF7272914DB004244A0 /* APIClient.swift in Sources */ = {isa = PBXBuildFile; fileRef = AFC39BF0272914DB004244A0 /* APIClient.swift */; };
		AFC39BF8272914DB004244A0 /* APIConstants.swift in Sources */ = {isa = PBXBuildFile; fileRef = AFC39BF1272914DB004244A0 /* APIConstants.swift */; };
		AFC39BF9272914DB004244A0 /* RoverPhotoService.swift in Sources */ = {isa = PBXBuildFile; fileRef = AFC39BF3272914DB004244A0 /* RoverPhotoService.swift */; };
		AFC39C05272914EC004244A0 /* CuriosityViewModel.swift in Sources */ = {isa = PBXBuildFile; fileRef = AFC39BFC272914EC004244A0 /* CuriosityViewModel.swift */; };
		AFC39C06272914EC004244A0 /* HomeViewModel.swift in Sources */ = {isa = PBXBuildFile; fileRef = AFC39BFD272914EC004244A0 /* HomeViewModel.swift */; };
		AFC39C07272914EC004244A0 /* CuriosityView.swift in Sources */ = {isa = PBXBuildFile; fileRef = AFC39C01272914EC004244A0 /* CuriosityView.swift */; };
		AFC39C08272914EC004244A0 /* SpiritView.swift in Sources */ = {isa = PBXBuildFile; fileRef = AFC39C02272914EC004244A0 /* SpiritView.swift */; };
		AFC39C09272914EC004244A0 /* OpportunityView.swift in Sources */ = {isa = PBXBuildFile; fileRef = AFC39C03272914EC004244A0 /* OpportunityView.swift */; };
		AFC39C0A272914EC004244A0 /* HomeView.swift in Sources */ = {isa = PBXBuildFile; fileRef = AFC39C04272914EC004244A0 /* HomeView.swift */; };
		AFC39C0E272914FD004244A0 /* CustomCollectionView.swift in Sources */ = {isa = PBXBuildFile; fileRef = AFC39C0D272914FD004244A0 /* CustomCollectionView.swift */; };
		EAA73ECA59E33EC95C32866B /* Pods_swiftui_nasa_swiftui_nasaUITests.framework in Frameworks */ = {isa = PBXBuildFile; fileRef = C061E327CF3CD26B841FC0F8 /* Pods_swiftui_nasa_swiftui_nasaUITests.framework */; };
/* End PBXBuildFile section */

/* Begin PBXContainerItemProxy section */
		AF43CDE027287C6200871017 /* PBXContainerItemProxy */ = {
			isa = PBXContainerItemProxy;
			containerPortal = AF43CDC727287C5F00871017 /* Project object */;
			proxyType = 1;
			remoteGlobalIDString = AF43CDCE27287C5F00871017;
			remoteInfo = "swiftui-nasa";
		};
		AF43CDEA27287C6200871017 /* PBXContainerItemProxy */ = {
			isa = PBXContainerItemProxy;
			containerPortal = AF43CDC727287C5F00871017 /* Project object */;
			proxyType = 1;
			remoteGlobalIDString = AF43CDCE27287C5F00871017;
			remoteInfo = "swiftui-nasa";
		};
/* End PBXContainerItemProxy section */

/* Begin PBXFileReference section */
		2FC781A106A4213FB9175252 /* Pods_swiftui_nasa.framework */ = {isa = PBXFileReference; explicitFileType = wrapper.framework; includeInIndex = 0; path = Pods_swiftui_nasa.framework; sourceTree = BUILT_PRODUCTS_DIR; };
		534B6975275DFF704B8E0A21 /* Pods_swiftui_nasaTests.framework */ = {isa = PBXFileReference; explicitFileType = wrapper.framework; includeInIndex = 0; path = Pods_swiftui_nasaTests.framework; sourceTree = BUILT_PRODUCTS_DIR; };
		6444827E7EB233D78401A576 /* Pods-swiftui-nasa.debug.xcconfig */ = {isa = PBXFileReference; includeInIndex = 1; lastKnownFileType = text.xcconfig; name = "Pods-swiftui-nasa.debug.xcconfig"; path = "Target Support Files/Pods-swiftui-nasa/Pods-swiftui-nasa.debug.xcconfig"; sourceTree = "<group>"; };
		6BAF6AA0C6DF4B484413C399 /* Pods-swiftui-nasa-swiftui-nasaUITests.release.xcconfig */ = {isa = PBXFileReference; includeInIndex = 1; lastKnownFileType = text.xcconfig; name = "Pods-swiftui-nasa-swiftui-nasaUITests.release.xcconfig"; path = "Target Support Files/Pods-swiftui-nasa-swiftui-nasaUITests/Pods-swiftui-nasa-swiftui-nasaUITests.release.xcconfig"; sourceTree = "<group>"; };
		75058104A7F438B833F90B80 /* Pods-swiftui-nasa.release.xcconfig */ = {isa = PBXFileReference; includeInIndex = 1; lastKnownFileType = text.xcconfig; name = "Pods-swiftui-nasa.release.xcconfig"; path = "Target Support Files/Pods-swiftui-nasa/Pods-swiftui-nasa.release.xcconfig"; sourceTree = "<group>"; };
		96821A3F1D4CA30AF424A565 /* Pods-swiftui-nasa-swiftui-nasaUITests.debug.xcconfig */ = {isa = PBXFileReference; includeInIndex = 1; lastKnownFileType = text.xcconfig; name = "Pods-swiftui-nasa-swiftui-nasaUITests.debug.xcconfig"; path = "Target Support Files/Pods-swiftui-nasa-swiftui-nasaUITests/Pods-swiftui-nasa-swiftui-nasaUITests.debug.xcconfig"; sourceTree = "<group>"; };
		9C34242BC9693F559FD71F1C /* Pods-swiftui-nasaTests.release.xcconfig */ = {isa = PBXFileReference; includeInIndex = 1; lastKnownFileType = text.xcconfig; name = "Pods-swiftui-nasaTests.release.xcconfig"; path = "Target Support Files/Pods-swiftui-nasaTests/Pods-swiftui-nasaTests.release.xcconfig"; sourceTree = "<group>"; };
		AF43CDCF27287C5F00871017 /* swiftui-nasa.app */ = {isa = PBXFileReference; explicitFileType = wrapper.application; includeInIndex = 0; path = "swiftui-nasa.app"; sourceTree = BUILT_PRODUCTS_DIR; };
		AF43CDD227287C5F00871017 /* swiftui_nasaApp.swift */ = {isa = PBXFileReference; lastKnownFileType = sourcecode.swift; path = swiftui_nasaApp.swift; sourceTree = "<group>"; };
		AF43CDD627287C6100871017 /* Assets.xcassets */ = {isa = PBXFileReference; lastKnownFileType = folder.assetcatalog; path = Assets.xcassets; sourceTree = "<group>"; };
		AF43CDD927287C6100871017 /* Preview Assets.xcassets */ = {isa = PBXFileReference; lastKnownFileType = folder.assetcatalog; path = "Preview Assets.xcassets"; sourceTree = "<group>"; };
		AF43CDDF27287C6200871017 /* swiftui-nasaTests.xctest */ = {isa = PBXFileReference; explicitFileType = wrapper.cfbundle; includeInIndex = 0; path = "swiftui-nasaTests.xctest"; sourceTree = BUILT_PRODUCTS_DIR; };
		AF43CDE327287C6200871017 /* swiftui_nasaTests.swift */ = {isa = PBXFileReference; lastKnownFileType = sourcecode.swift; path = swiftui_nasaTests.swift; sourceTree = "<group>"; };
		AF43CDE927287C6200871017 /* swiftui-nasaUITests.xctest */ = {isa = PBXFileReference; explicitFileType = wrapper.cfbundle; includeInIndex = 0; path = "swiftui-nasaUITests.xctest"; sourceTree = BUILT_PRODUCTS_DIR; };
		AF43CDED27287C6200871017 /* swiftui_nasaUITests.swift */ = {isa = PBXFileReference; lastKnownFileType = sourcecode.swift; path = swiftui_nasaUITests.swift; sourceTree = "<group>"; };
		AF43CDEF27287C6200871017 /* swiftui_nasaUITestsLaunchTests.swift */ = {isa = PBXFileReference; lastKnownFileType = sourcecode.swift; path = swiftui_nasaUITestsLaunchTests.swift; sourceTree = "<group>"; };
		AFC39BEC272914DB004244A0 /* RoverModel.swift */ = {isa = PBXFileReference; fileEncoding = 4; lastKnownFileType = sourcecode.swift; path = RoverModel.swift; sourceTree = "<group>"; };
		AFC39BED272914DB004244A0 /* RoverCameraModel.swift */ = {isa = PBXFileReference; fileEncoding = 4; lastKnownFileType = sourcecode.swift; path = RoverCameraModel.swift; sourceTree = "<group>"; };
		AFC39BEE272914DB004244A0 /* RoverPhotosModel.swift */ = {isa = PBXFileReference; fileEncoding = 4; lastKnownFileType = sourcecode.swift; path = RoverPhotosModel.swift; sourceTree = "<group>"; };
		AFC39BF0272914DB004244A0 /* APIClient.swift */ = {isa = PBXFileReference; fileEncoding = 4; lastKnownFileType = sourcecode.swift; path = APIClient.swift; sourceTree = "<group>"; };
		AFC39BF1272914DB004244A0 /* APIConstants.swift */ = {isa = PBXFileReference; fileEncoding = 4; lastKnownFileType = sourcecode.swift; path = APIConstants.swift; sourceTree = "<group>"; };
		AFC39BF3272914DB004244A0 /* RoverPhotoService.swift */ = {isa = PBXFileReference; fileEncoding = 4; lastKnownFileType = sourcecode.swift; path = RoverPhotoService.swift; sourceTree = "<group>"; };
		AFC39BFC272914EC004244A0 /* CuriosityViewModel.swift */ = {isa = PBXFileReference; fileEncoding = 4; lastKnownFileType = sourcecode.swift; path = CuriosityViewModel.swift; sourceTree = "<group>"; };
		AFC39BFD272914EC004244A0 /* HomeViewModel.swift */ = {isa = PBXFileReference; fileEncoding = 4; lastKnownFileType = sourcecode.swift; path = HomeViewModel.swift; sourceTree = "<group>"; };
		AFC39C01272914EC004244A0 /* CuriosityView.swift */ = {isa = PBXFileReference; fileEncoding = 4; lastKnownFileType = sourcecode.swift; path = CuriosityView.swift; sourceTree = "<group>"; };
		AFC39C02272914EC004244A0 /* SpiritView.swift */ = {isa = PBXFileReference; fileEncoding = 4; lastKnownFileType = sourcecode.swift; path = SpiritView.swift; sourceTree = "<group>"; };
		AFC39C03272914EC004244A0 /* OpportunityView.swift */ = {isa = PBXFileReference; fileEncoding = 4; lastKnownFileType = sourcecode.swift; path = OpportunityView.swift; sourceTree = "<group>"; };
		AFC39C04272914EC004244A0 /* HomeView.swift */ = {isa = PBXFileReference; fileEncoding = 4; lastKnownFileType = sourcecode.swift; path = HomeView.swift; sourceTree = "<group>"; };
		AFC39C0D272914FD004244A0 /* CustomCollectionView.swift */ = {isa = PBXFileReference; fileEncoding = 4; lastKnownFileType = sourcecode.swift; path = CustomCollectionView.swift; sourceTree = "<group>"; };
		C061E327CF3CD26B841FC0F8 /* Pods_swiftui_nasa_swiftui_nasaUITests.framework */ = {isa = PBXFileReference; explicitFileType = wrapper.framework; includeInIndex = 0; path = Pods_swiftui_nasa_swiftui_nasaUITests.framework; sourceTree = BUILT_PRODUCTS_DIR; };
		E3E80C39535F8B2876642350 /* Pods-swiftui-nasaTests.debug.xcconfig */ = {isa = PBXFileReference; includeInIndex = 1; lastKnownFileType = text.xcconfig; name = "Pods-swiftui-nasaTests.debug.xcconfig"; path = "Target Support Files/Pods-swiftui-nasaTests/Pods-swiftui-nasaTests.debug.xcconfig"; sourceTree = "<group>"; };
/* End PBXFileReference section */

/* Begin PBXFrameworksBuildPhase section */
		AF43CDCC27287C5F00871017 /* Frameworks */ = {
			isa = PBXFrameworksBuildPhase;
			buildActionMask = 2147483647;
			files = (
				AFC39BE52729120D004244A0 /* QGrid in Frameworks */,
				A66DDF5434E659439A45C6CE /* Pods_swiftui_nasa.framework in Frameworks */,
			);
			runOnlyForDeploymentPostprocessing = 0;
		};
		AF43CDDC27287C6200871017 /* Frameworks */ = {
			isa = PBXFrameworksBuildPhase;
			buildActionMask = 2147483647;
			files = (
				A443E37BB2F84F5EDED120A5 /* Pods_swiftui_nasaTests.framework in Frameworks */,
			);
			runOnlyForDeploymentPostprocessing = 0;
		};
		AF43CDE627287C6200871017 /* Frameworks */ = {
			isa = PBXFrameworksBuildPhase;
			buildActionMask = 2147483647;
			files = (
				EAA73ECA59E33EC95C32866B /* Pods_swiftui_nasa_swiftui_nasaUITests.framework in Frameworks */,
			);
			runOnlyForDeploymentPostprocessing = 0;
		};
/* End PBXFrameworksBuildPhase section */

/* Begin PBXGroup section */
		3235325278D2AC3D4E1F37D0 /* Frameworks */ = {
			isa = PBXGroup;
			children = (
				2FC781A106A4213FB9175252 /* Pods_swiftui_nasa.framework */,
				C061E327CF3CD26B841FC0F8 /* Pods_swiftui_nasa_swiftui_nasaUITests.framework */,
				534B6975275DFF704B8E0A21 /* Pods_swiftui_nasaTests.framework */,
			);
			name = Frameworks;
			sourceTree = "<group>";
		};
		AF43CDC627287C5F00871017 = {
			isa = PBXGroup;
			children = (
				AF43CDD127287C5F00871017 /* swiftui-nasa */,
				AF43CDE227287C6200871017 /* swiftui-nasaTests */,
				AF43CDEC27287C6200871017 /* swiftui-nasaUITests */,
				AF43CDD027287C5F00871017 /* Products */,
				F68D33CB18484E68697EAB1D /* Pods */,
				3235325278D2AC3D4E1F37D0 /* Frameworks */,
			);
			sourceTree = "<group>";
		};
		AF43CDD027287C5F00871017 /* Products */ = {
			isa = PBXGroup;
			children = (
				AF43CDCF27287C5F00871017 /* swiftui-nasa.app */,
				AF43CDDF27287C6200871017 /* swiftui-nasaTests.xctest */,
				AF43CDE927287C6200871017 /* swiftui-nasaUITests.xctest */,
			);
			name = Products;
			sourceTree = "<group>";
		};
		AF43CDD127287C5F00871017 /* swiftui-nasa */ = {
			isa = PBXGroup;
			children = (
				AFC39BEA272914DB004244A0 /* Core */,
				AFC39BFA272914EC004244A0 /* Modules */,
				AFC39C0B272914FD004244A0 /* Widgets */,
				AF43CDD227287C5F00871017 /* swiftui_nasaApp.swift */,
				AF43CDD627287C6100871017 /* Assets.xcassets */,
				AF43CDD827287C6100871017 /* Preview Content */,
			);
			path = "swiftui-nasa";
			sourceTree = "<group>";
		};
		AF43CDD827287C6100871017 /* Preview Content */ = {
			isa = PBXGroup;
			children = (
				AF43CDD927287C6100871017 /* Preview Assets.xcassets */,
			);
			path = "Preview Content";
			sourceTree = "<group>";
		};
		AF43CDE227287C6200871017 /* swiftui-nasaTests */ = {
			isa = PBXGroup;
			children = (
				AF43CDE327287C6200871017 /* swiftui_nasaTests.swift */,
			);
			path = "swiftui-nasaTests";
			sourceTree = "<group>";
		};
		AF43CDEC27287C6200871017 /* swiftui-nasaUITests */ = {
			isa = PBXGroup;
			children = (
				AF43CDED27287C6200871017 /* swiftui_nasaUITests.swift */,
				AF43CDEF27287C6200871017 /* swiftui_nasaUITestsLaunchTests.swift */,
			);
			path = "swiftui-nasaUITests";
			sourceTree = "<group>";
		};
		AFC39BEA272914DB004244A0 /* Core */ = {
			isa = PBXGroup;
			children = (
				AFC39BEB272914DB004244A0 /* Models */,
				AFC39BEF272914DB004244A0 /* API */,
				AFC39BF2272914DB004244A0 /* Services */,
			);
			path = Core;
			sourceTree = "<group>";
		};
		AFC39BEB272914DB004244A0 /* Models */ = {
			isa = PBXGroup;
			children = (
				AFC39BEC272914DB004244A0 /* RoverModel.swift */,
				AFC39BED272914DB004244A0 /* RoverCameraModel.swift */,
				AFC39BEE272914DB004244A0 /* RoverPhotosModel.swift */,
			);
			path = Models;
			sourceTree = "<group>";
		};
		AFC39BEF272914DB004244A0 /* API */ = {
			isa = PBXGroup;
			children = (
				AFC39BF0272914DB004244A0 /* APIClient.swift */,
				AFC39BF1272914DB004244A0 /* APIConstants.swift */,
			);
			path = API;
			sourceTree = "<group>";
		};
		AFC39BF2272914DB004244A0 /* Services */ = {
			isa = PBXGroup;
			children = (
				AFC39BF3272914DB004244A0 /* RoverPhotoService.swift */,
			);
			path = Services;
			sourceTree = "<group>";
		};
		AFC39BFA272914EC004244A0 /* Modules */ = {
			isa = PBXGroup;
			children = (
				AFC39BFB272914EC004244A0 /* View Models */,
				AFC39BFE272914EC004244A0 /* Views */,
			);
			path = Modules;
			sourceTree = "<group>";
		};
		AFC39BFB272914EC004244A0 /* View Models */ = {
			isa = PBXGroup;
			children = (
				AFC39BFC272914EC004244A0 /* CuriosityViewModel.swift */,
				AFC39BFD272914EC004244A0 /* HomeViewModel.swift */,
			);
			path = "View Models";
			sourceTree = "<group>";
		};
		AFC39BFE272914EC004244A0 /* Views */ = {
			isa = PBXGroup;
			children = (
				AFC39BFF272914EC004244A0 /* Home */,
			);
			path = Views;
			sourceTree = "<group>";
		};
		AFC39BFF272914EC004244A0 /* Home */ = {
			isa = PBXGroup;
			children = (
				AFC39C00272914EC004244A0 /* Tabs */,
				AFC39C04272914EC004244A0 /* HomeView.swift */,
			);
			path = Home;
			sourceTree = "<group>";
		};
		AFC39C00272914EC004244A0 /* Tabs */ = {
			isa = PBXGroup;
			children = (
				AFC39C01272914EC004244A0 /* CuriosityView.swift */,
				AFC39C02272914EC004244A0 /* SpiritView.swift */,
				AFC39C03272914EC004244A0 /* OpportunityView.swift */,
			);
			path = Tabs;
			sourceTree = "<group>";
		};
		AFC39C0B272914FD004244A0 /* Widgets */ = {
			isa = PBXGroup;
			children = (
				AFC39C0C272914FD004244A0 /* CollectionView */,
			);
			path = Widgets;
			sourceTree = "<group>";
		};
		AFC39C0C272914FD004244A0 /* CollectionView */ = {
			isa = PBXGroup;
			children = (
				AFC39C0D272914FD004244A0 /* CustomCollectionView.swift */,
			);
			path = CollectionView;
			sourceTree = "<group>";
		};
		F68D33CB18484E68697EAB1D /* Pods */ = {
			isa = PBXGroup;
			children = (
				6444827E7EB233D78401A576 /* Pods-swiftui-nasa.debug.xcconfig */,
				75058104A7F438B833F90B80 /* Pods-swiftui-nasa.release.xcconfig */,
				96821A3F1D4CA30AF424A565 /* Pods-swiftui-nasa-swiftui-nasaUITests.debug.xcconfig */,
				6BAF6AA0C6DF4B484413C399 /* Pods-swiftui-nasa-swiftui-nasaUITests.release.xcconfig */,
				E3E80C39535F8B2876642350 /* Pods-swiftui-nasaTests.debug.xcconfig */,
				9C34242BC9693F559FD71F1C /* Pods-swiftui-nasaTests.release.xcconfig */,
			);
			path = Pods;
			sourceTree = "<group>";
		};
/* End PBXGroup section */

/* Begin PBXNativeTarget section */
		AF43CDCE27287C5F00871017 /* swiftui-nasa */ = {
			isa = PBXNativeTarget;
			buildConfigurationList = AF43CDF327287C6200871017 /* Build configuration list for PBXNativeTarget "swiftui-nasa" */;
			buildPhases = (
				309FEC137F600968A992CCE7 /* [CP] Check Pods Manifest.lock */,
				AF43CDCB27287C5F00871017 /* Sources */,
				AF43CDCC27287C5F00871017 /* Frameworks */,
				AF43CDCD27287C5F00871017 /* Resources */,
				DC592FDB2B056D4EA6ED0E18 /* [CP] Embed Pods Frameworks */,
			);
			buildRules = (
			);
			dependencies = (
			);
			name = "swiftui-nasa";
			packageProductDependencies = (
				AFC39BE42729120D004244A0 /* QGrid */,
			);
			productName = "swiftui-nasa";
			productReference = AF43CDCF27287C5F00871017 /* swiftui-nasa.app */;
			productType = "com.apple.product-type.application";
		};
		AF43CDDE27287C6200871017 /* swiftui-nasaTests */ = {
			isa = PBXNativeTarget;
			buildConfigurationList = AF43CDF627287C6200871017 /* Build configuration list for PBXNativeTarget "swiftui-nasaTests" */;
			buildPhases = (
				CA211AC6AB9189A3A5CC930B /* [CP] Check Pods Manifest.lock */,
				AF43CDDB27287C6200871017 /* Sources */,
				AF43CDDC27287C6200871017 /* Frameworks */,
				AF43CDDD27287C6200871017 /* Resources */,
			);
			buildRules = (
			);
			dependencies = (
				AF43CDE127287C6200871017 /* PBXTargetDependency */,
			);
			name = "swiftui-nasaTests";
			productName = "swiftui-nasaTests";
			productReference = AF43CDDF27287C6200871017 /* swiftui-nasaTests.xctest */;
			productType = "com.apple.product-type.bundle.unit-test";
		};
		AF43CDE827287C6200871017 /* swiftui-nasaUITests */ = {
			isa = PBXNativeTarget;
			buildConfigurationList = AF43CDF927287C6200871017 /* Build configuration list for PBXNativeTarget "swiftui-nasaUITests" */;
			buildPhases = (
				3E980D5871A84EC96DD11C94 /* [CP] Check Pods Manifest.lock */,
				AF43CDE527287C6200871017 /* Sources */,
				AF43CDE627287C6200871017 /* Frameworks */,
				AF43CDE727287C6200871017 /* Resources */,
				A4CDE4F3C738394A0EFC8A31 /* [CP] Embed Pods Frameworks */,
			);
			buildRules = (
			);
			dependencies = (
				AF43CDEB27287C6200871017 /* PBXTargetDependency */,
			);
			name = "swiftui-nasaUITests";
			productName = "swiftui-nasaUITests";
			productReference = AF43CDE927287C6200871017 /* swiftui-nasaUITests.xctest */;
			productType = "com.apple.product-type.bundle.ui-testing";
		};
/* End PBXNativeTarget section */

/* Begin PBXProject section */
		AF43CDC727287C5F00871017 /* Project object */ = {
			isa = PBXProject;
			attributes = {
				BuildIndependentTargetsInParallel = 1;
				LastSwiftUpdateCheck = 1310;
				LastUpgradeCheck = 1310;
				TargetAttributes = {
					AF43CDCE27287C5F00871017 = {
						CreatedOnToolsVersion = 13.1;
					};
					AF43CDDE27287C6200871017 = {
						CreatedOnToolsVersion = 13.1;
						TestTargetID = AF43CDCE27287C5F00871017;
					};
					AF43CDE827287C6200871017 = {
						CreatedOnToolsVersion = 13.1;
						TestTargetID = AF43CDCE27287C5F00871017;
					};
				};
			};
			buildConfigurationList = AF43CDCA27287C5F00871017 /* Build configuration list for PBXProject "swiftui-nasa" */;
			compatibilityVersion = "Xcode 13.0";
			developmentRegion = en;
			hasScannedForEncodings = 0;
			knownRegions = (
				en,
				Base,
			);
			mainGroup = AF43CDC627287C5F00871017;
			packageReferences = (
				AFC39BE32729120D004244A0 /* XCRemoteSwiftPackageReference "QGrid" */,
			);
			productRefGroup = AF43CDD027287C5F00871017 /* Products */;
			projectDirPath = "";
			projectRoot = "";
			targets = (
				AF43CDCE27287C5F00871017 /* swiftui-nasa */,
				AF43CDDE27287C6200871017 /* swiftui-nasaTests */,
				AF43CDE827287C6200871017 /* swiftui-nasaUITests */,
			);
		};
/* End PBXProject section */

/* Begin PBXResourcesBuildPhase section */
		AF43CDCD27287C5F00871017 /* Resources */ = {
			isa = PBXResourcesBuildPhase;
			buildActionMask = 2147483647;
			files = (
				AF43CDDA27287C6100871017 /* Preview Assets.xcassets in Resources */,
				AF43CDD727287C6100871017 /* Assets.xcassets in Resources */,
			);
			runOnlyForDeploymentPostprocessing = 0;
		};
		AF43CDDD27287C6200871017 /* Resources */ = {
			isa = PBXResourcesBuildPhase;
			buildActionMask = 2147483647;
			files = (
			);
			runOnlyForDeploymentPostprocessing = 0;
		};
		AF43CDE727287C6200871017 /* Resources */ = {
			isa = PBXResourcesBuildPhase;
			buildActionMask = 2147483647;
			files = (
			);
			runOnlyForDeploymentPostprocessing = 0;
		};
/* End PBXResourcesBuildPhase section */

/* Begin PBXShellScriptBuildPhase section */
		309FEC137F600968A992CCE7 /* [CP] Check Pods Manifest.lock */ = {
			isa = PBXShellScriptBuildPhase;
			buildActionMask = 2147483647;
			files = (
			);
			inputFileListPaths = (
			);
			inputPaths = (
				"${PODS_PODFILE_DIR_PATH}/Podfile.lock",
				"${PODS_ROOT}/Manifest.lock",
			);
			name = "[CP] Check Pods Manifest.lock";
			outputFileListPaths = (
			);
			outputPaths = (
				"$(DERIVED_FILE_DIR)/Pods-swiftui-nasa-checkManifestLockResult.txt",
			);
			runOnlyForDeploymentPostprocessing = 0;
			shellPath = /bin/sh;
			shellScript = "diff \"${PODS_PODFILE_DIR_PATH}/Podfile.lock\" \"${PODS_ROOT}/Manifest.lock\" > /dev/null\nif [ $? != 0 ] ; then\n    # print error to STDERR\n    echo \"error: The sandbox is not in sync with the Podfile.lock. Run 'pod install' or update your CocoaPods installation.\" >&2\n    exit 1\nfi\n# This output is used by Xcode 'outputs' to avoid re-running this script phase.\necho \"SUCCESS\" > \"${SCRIPT_OUTPUT_FILE_0}\"\n";
			showEnvVarsInLog = 0;
		};
		3E980D5871A84EC96DD11C94 /* [CP] Check Pods Manifest.lock */ = {
			isa = PBXShellScriptBuildPhase;
			buildActionMask = 2147483647;
			files = (
			);
			inputFileListPaths = (
			);
			inputPaths = (
				"${PODS_PODFILE_DIR_PATH}/Podfile.lock",
				"${PODS_ROOT}/Manifest.lock",
			);
			name = "[CP] Check Pods Manifest.lock";
			outputFileListPaths = (
			);
			outputPaths = (
				"$(DERIVED_FILE_DIR)/Pods-swiftui-nasa-swiftui-nasaUITests-checkManifestLockResult.txt",
			);
			runOnlyForDeploymentPostprocessing = 0;
			shellPath = /bin/sh;
			shellScript = "diff \"${PODS_PODFILE_DIR_PATH}/Podfile.lock\" \"${PODS_ROOT}/Manifest.lock\" > /dev/null\nif [ $? != 0 ] ; then\n    # print error to STDERR\n    echo \"error: The sandbox is not in sync with the Podfile.lock. Run 'pod install' or update your CocoaPods installation.\" >&2\n    exit 1\nfi\n# This output is used by Xcode 'outputs' to avoid re-running this script phase.\necho \"SUCCESS\" > \"${SCRIPT_OUTPUT_FILE_0}\"\n";
			showEnvVarsInLog = 0;
		};
		A4CDE4F3C738394A0EFC8A31 /* [CP] Embed Pods Frameworks */ = {
			isa = PBXShellScriptBuildPhase;
			buildActionMask = 2147483647;
			files = (
			);
			inputFileListPaths = (
				"${PODS_ROOT}/Target Support Files/Pods-swiftui-nasa-swiftui-nasaUITests/Pods-swiftui-nasa-swiftui-nasaUITests-frameworks-${CONFIGURATION}-input-files.xcfilelist",
			);
			name = "[CP] Embed Pods Frameworks";
			outputFileListPaths = (
				"${PODS_ROOT}/Target Support Files/Pods-swiftui-nasa-swiftui-nasaUITests/Pods-swiftui-nasa-swiftui-nasaUITests-frameworks-${CONFIGURATION}-output-files.xcfilelist",
			);
			runOnlyForDeploymentPostprocessing = 0;
			shellPath = /bin/sh;
			shellScript = "\"${PODS_ROOT}/Target Support Files/Pods-swiftui-nasa-swiftui-nasaUITests/Pods-swiftui-nasa-swiftui-nasaUITests-frameworks.sh\"\n";
			showEnvVarsInLog = 0;
		};
		CA211AC6AB9189A3A5CC930B /* [CP] Check Pods Manifest.lock */ = {
			isa = PBXShellScriptBuildPhase;
			buildActionMask = 2147483647;
			files = (
			);
			inputFileListPaths = (
			);
			inputPaths = (
				"${PODS_PODFILE_DIR_PATH}/Podfile.lock",
				"${PODS_ROOT}/Manifest.lock",
			);
			name = "[CP] Check Pods Manifest.lock";
			outputFileListPaths = (
			);
			outputPaths = (
				"$(DERIVED_FILE_DIR)/Pods-swiftui-nasaTests-checkManifestLockResult.txt",
			);
			runOnlyForDeploymentPostprocessing = 0;
			shellPath = /bin/sh;
			shellScript = "diff \"${PODS_PODFILE_DIR_PATH}/Podfile.lock\" \"${PODS_ROOT}/Manifest.lock\" > /dev/null\nif [ $? != 0 ] ; then\n    # print error to STDERR\n    echo \"error: The sandbox is not in sync with the Podfile.lock. Run 'pod install' or update your CocoaPods installation.\" >&2\n    exit 1\nfi\n# This output is used by Xcode 'outputs' to avoid re-running this script phase.\necho \"SUCCESS\" > \"${SCRIPT_OUTPUT_FILE_0}\"\n";
			showEnvVarsInLog = 0;
		};
		DC592FDB2B056D4EA6ED0E18 /* [CP] Embed Pods Frameworks */ = {
			isa = PBXShellScriptBuildPhase;
			buildActionMask = 2147483647;
			files = (
			);
			inputFileListPaths = (
				"${PODS_ROOT}/Target Support Files/Pods-swiftui-nasa/Pods-swiftui-nasa-frameworks-${CONFIGURATION}-input-files.xcfilelist",
			);
			name = "[CP] Embed Pods Frameworks";
			outputFileListPaths = (
				"${PODS_ROOT}/Target Support Files/Pods-swiftui-nasa/Pods-swiftui-nasa-frameworks-${CONFIGURATION}-output-files.xcfilelist",
			);
			runOnlyForDeploymentPostprocessing = 0;
			shellPath = /bin/sh;
			shellScript = "\"${PODS_ROOT}/Target Support Files/Pods-swiftui-nasa/Pods-swiftui-nasa-frameworks.sh\"\n";
			showEnvVarsInLog = 0;
		};
/* End PBXShellScriptBuildPhase section */

/* Begin PBXSourcesBuildPhase section */
		AF43CDCB27287C5F00871017 /* Sources */ = {
			isa = PBXSourcesBuildPhase;
			buildActionMask = 2147483647;
			files = (
				AFC39BF5272914DB004244A0 /* RoverCameraModel.swift in Sources */,
				AFC39C06272914EC004244A0 /* HomeViewModel.swift in Sources */,
				AFC39C0A272914EC004244A0 /* HomeView.swift in Sources */,
				AFC39BF6272914DB004244A0 /* RoverPhotosModel.swift in Sources */,
				AFC39C08272914EC004244A0 /* SpiritView.swift in Sources */,
				AFC39C0E272914FD004244A0 /* CustomCollectionView.swift in Sources */,
				AFC39C09272914EC004244A0 /* OpportunityView.swift in Sources */,
				AFC39C05272914EC004244A0 /* CuriosityViewModel.swift in Sources */,
				AFC39BF8272914DB004244A0 /* APIConstants.swift in Sources */,
				AFC39BF9272914DB004244A0 /* RoverPhotoService.swift in Sources */,
				AFC39C07272914EC004244A0 /* CuriosityView.swift in Sources */,
				AFC39BF4272914DB004244A0 /* RoverModel.swift in Sources */,
				AFC39BF7272914DB004244A0 /* APIClient.swift in Sources */,
				AF43CDD327287C5F00871017 /* swiftui_nasaApp.swift in Sources */,
			);
			runOnlyForDeploymentPostprocessing = 0;
		};
		AF43CDDB27287C6200871017 /* Sources */ = {
			isa = PBXSourcesBuildPhase;
			buildActionMask = 2147483647;
			files = (
				AF43CDE427287C6200871017 /* swiftui_nasaTests.swift in Sources */,
			);
			runOnlyForDeploymentPostprocessing = 0;
		};
		AF43CDE527287C6200871017 /* Sources */ = {
			isa = PBXSourcesBuildPhase;
			buildActionMask = 2147483647;
			files = (
				AF43CDEE27287C6200871017 /* swiftui_nasaUITests.swift in Sources */,
				AF43CDF027287C6200871017 /* swiftui_nasaUITestsLaunchTests.swift in Sources */,
			);
			runOnlyForDeploymentPostprocessing = 0;
		};
/* End PBXSourcesBuildPhase section */

/* Begin PBXTargetDependency section */
		AF43CDE127287C6200871017 /* PBXTargetDependency */ = {
			isa = PBXTargetDependency;
			target = AF43CDCE27287C5F00871017 /* swiftui-nasa */;
			targetProxy = AF43CDE027287C6200871017 /* PBXContainerItemProxy */;
		};
		AF43CDEB27287C6200871017 /* PBXTargetDependency */ = {
			isa = PBXTargetDependency;
			target = AF43CDCE27287C5F00871017 /* swiftui-nasa */;
			targetProxy = AF43CDEA27287C6200871017 /* PBXContainerItemProxy */;
		};
/* End PBXTargetDependency section */

/* Begin XCBuildConfiguration section */
		AF43CDF127287C6200871017 /* Debug */ = {
			isa = XCBuildConfiguration;
			buildSettings = {
				ALWAYS_SEARCH_USER_PATHS = NO;
				CLANG_ANALYZER_NONNULL = YES;
				CLANG_ANALYZER_NUMBER_OBJECT_CONVERSION = YES_AGGRESSIVE;
				CLANG_CXX_LANGUAGE_STANDARD = "gnu++17";
				CLANG_CXX_LIBRARY = "libc++";
				CLANG_ENABLE_MODULES = YES;
				CLANG_ENABLE_OBJC_ARC = YES;
				CLANG_ENABLE_OBJC_WEAK = YES;
				CLANG_WARN_BLOCK_CAPTURE_AUTORELEASING = YES;
				CLANG_WARN_BOOL_CONVERSION = YES;
				CLANG_WARN_COMMA = YES;
				CLANG_WARN_CONSTANT_CONVERSION = YES;
				CLANG_WARN_DEPRECATED_OBJC_IMPLEMENTATIONS = YES;
				CLANG_WARN_DIRECT_OBJC_ISA_USAGE = YES_ERROR;
				CLANG_WARN_DOCUMENTATION_COMMENTS = YES;
				CLANG_WARN_EMPTY_BODY = YES;
				CLANG_WARN_ENUM_CONVERSION = YES;
				CLANG_WARN_INFINITE_RECURSION = YES;
				CLANG_WARN_INT_CONVERSION = YES;
				CLANG_WARN_NON_LITERAL_NULL_CONVERSION = YES;
				CLANG_WARN_OBJC_IMPLICIT_RETAIN_SELF = YES;
				CLANG_WARN_OBJC_LITERAL_CONVERSION = YES;
				CLANG_WARN_OBJC_ROOT_CLASS = YES_ERROR;
				CLANG_WARN_QUOTED_INCLUDE_IN_FRAMEWORK_HEADER = YES;
				CLANG_WARN_RANGE_LOOP_ANALYSIS = YES;
				CLANG_WARN_STRICT_PROTOTYPES = YES;
				CLANG_WARN_SUSPICIOUS_MOVE = YES;
				CLANG_WARN_UNGUARDED_AVAILABILITY = YES_AGGRESSIVE;
				CLANG_WARN_UNREACHABLE_CODE = YES;
				CLANG_WARN__DUPLICATE_METHOD_MATCH = YES;
				COPY_PHASE_STRIP = NO;
				DEBUG_INFORMATION_FORMAT = dwarf;
				ENABLE_STRICT_OBJC_MSGSEND = YES;
				ENABLE_TESTABILITY = YES;
				GCC_C_LANGUAGE_STANDARD = gnu11;
				GCC_DYNAMIC_NO_PIC = NO;
				GCC_NO_COMMON_BLOCKS = YES;
				GCC_OPTIMIZATION_LEVEL = 0;
				GCC_PREPROCESSOR_DEFINITIONS = (
					"DEBUG=1",
					"$(inherited)",
				);
				GCC_WARN_64_TO_32_BIT_CONVERSION = YES;
				GCC_WARN_ABOUT_RETURN_TYPE = YES_ERROR;
				GCC_WARN_UNDECLARED_SELECTOR = YES;
				GCC_WARN_UNINITIALIZED_AUTOS = YES_AGGRESSIVE;
				GCC_WARN_UNUSED_FUNCTION = YES;
				GCC_WARN_UNUSED_VARIABLE = YES;
				IPHONEOS_DEPLOYMENT_TARGET = 15.0;
				MTL_ENABLE_DEBUG_INFO = INCLUDE_SOURCE;
				MTL_FAST_MATH = YES;
				ONLY_ACTIVE_ARCH = YES;
				SDKROOT = iphoneos;
				SWIFT_ACTIVE_COMPILATION_CONDITIONS = DEBUG;
				SWIFT_OPTIMIZATION_LEVEL = "-Onone";
			};
			name = Debug;
		};
		AF43CDF227287C6200871017 /* Release */ = {
			isa = XCBuildConfiguration;
			buildSettings = {
				ALWAYS_SEARCH_USER_PATHS = NO;
				CLANG_ANALYZER_NONNULL = YES;
				CLANG_ANALYZER_NUMBER_OBJECT_CONVERSION = YES_AGGRESSIVE;
				CLANG_CXX_LANGUAGE_STANDARD = "gnu++17";
				CLANG_CXX_LIBRARY = "libc++";
				CLANG_ENABLE_MODULES = YES;
				CLANG_ENABLE_OBJC_ARC = YES;
				CLANG_ENABLE_OBJC_WEAK = YES;
				CLANG_WARN_BLOCK_CAPTURE_AUTORELEASING = YES;
				CLANG_WARN_BOOL_CONVERSION = YES;
				CLANG_WARN_COMMA = YES;
				CLANG_WARN_CONSTANT_CONVERSION = YES;
				CLANG_WARN_DEPRECATED_OBJC_IMPLEMENTATIONS = YES;
				CLANG_WARN_DIRECT_OBJC_ISA_USAGE = YES_ERROR;
				CLANG_WARN_DOCUMENTATION_COMMENTS = YES;
				CLANG_WARN_EMPTY_BODY = YES;
				CLANG_WARN_ENUM_CONVERSION = YES;
				CLANG_WARN_INFINITE_RECURSION = YES;
				CLANG_WARN_INT_CONVERSION = YES;
				CLANG_WARN_NON_LITERAL_NULL_CONVERSION = YES;
				CLANG_WARN_OBJC_IMPLICIT_RETAIN_SELF = YES;
				CLANG_WARN_OBJC_LITERAL_CONVERSION = YES;
				CLANG_WARN_OBJC_ROOT_CLASS = YES_ERROR;
				CLANG_WARN_QUOTED_INCLUDE_IN_FRAMEWORK_HEADER = YES;
				CLANG_WARN_RANGE_LOOP_ANALYSIS = YES;
				CLANG_WARN_STRICT_PROTOTYPES = YES;
				CLANG_WARN_SUSPICIOUS_MOVE = YES;
				CLANG_WARN_UNGUARDED_AVAILABILITY = YES_AGGRESSIVE;
				CLANG_WARN_UNREACHABLE_CODE = YES;
				CLANG_WARN__DUPLICATE_METHOD_MATCH = YES;
				COPY_PHASE_STRIP = NO;
				DEBUG_INFORMATION_FORMAT = "dwarf-with-dsym";
				ENABLE_NS_ASSERTIONS = NO;
				ENABLE_STRICT_OBJC_MSGSEND = YES;
				GCC_C_LANGUAGE_STANDARD = gnu11;
				GCC_NO_COMMON_BLOCKS = YES;
				GCC_WARN_64_TO_32_BIT_CONVERSION = YES;
				GCC_WARN_ABOUT_RETURN_TYPE = YES_ERROR;
				GCC_WARN_UNDECLARED_SELECTOR = YES;
				GCC_WARN_UNINITIALIZED_AUTOS = YES_AGGRESSIVE;
				GCC_WARN_UNUSED_FUNCTION = YES;
				GCC_WARN_UNUSED_VARIABLE = YES;
				IPHONEOS_DEPLOYMENT_TARGET = 15.0;
				MTL_ENABLE_DEBUG_INFO = NO;
				MTL_FAST_MATH = YES;
				SDKROOT = iphoneos;
				SWIFT_COMPILATION_MODE = wholemodule;
				SWIFT_OPTIMIZATION_LEVEL = "-O";
				VALIDATE_PRODUCT = YES;
			};
			name = Release;
		};
		AF43CDF427287C6200871017 /* Debug */ = {
			isa = XCBuildConfiguration;
			baseConfigurationReference = 6444827E7EB233D78401A576 /* Pods-swiftui-nasa.debug.xcconfig */;
			buildSettings = {
				ASSETCATALOG_COMPILER_APPICON_NAME = AppIcon;
				ASSETCATALOG_COMPILER_GLOBAL_ACCENT_COLOR_NAME = AccentColor;
				CODE_SIGN_STYLE = Automatic;
				CURRENT_PROJECT_VERSION = 1;
				DEVELOPMENT_ASSET_PATHS = "\"swiftui-nasa/Preview Content\"";
				ENABLE_PREVIEWS = YES;
				GENERATE_INFOPLIST_FILE = YES;
				INFOPLIST_KEY_UIApplicationSceneManifest_Generation = YES;
				INFOPLIST_KEY_UIApplicationSupportsIndirectInputEvents = YES;
				INFOPLIST_KEY_UILaunchScreen_Generation = YES;
				INFOPLIST_KEY_UISupportedInterfaceOrientations_iPad = "UIInterfaceOrientationPortrait UIInterfaceOrientationPortraitUpsideDown UIInterfaceOrientationLandscapeLeft UIInterfaceOrientationLandscapeRight";
				INFOPLIST_KEY_UISupportedInterfaceOrientations_iPhone = "UIInterfaceOrientationPortrait UIInterfaceOrientationLandscapeLeft UIInterfaceOrientationLandscapeRight";
				LD_RUNPATH_SEARCH_PATHS = (
					"$(inherited)",
					"@executable_path/Frameworks",
				);
				MARKETING_VERSION = 1.0;
				PRODUCT_BUNDLE_IDENTIFIER = "repfly.swiftui-nasa";
				PRODUCT_NAME = "$(TARGET_NAME)";
				SWIFT_EMIT_LOC_STRINGS = YES;
				SWIFT_VERSION = 5.0;
				TARGETED_DEVICE_FAMILY = "1,2";
			};
			name = Debug;
		};
		AF43CDF527287C6200871017 /* Release */ = {
			isa = XCBuildConfiguration;
			baseConfigurationReference = 75058104A7F438B833F90B80 /* Pods-swiftui-nasa.release.xcconfig */;
			buildSettings = {
				ASSETCATALOG_COMPILER_APPICON_NAME = AppIcon;
				ASSETCATALOG_COMPILER_GLOBAL_ACCENT_COLOR_NAME = AccentColor;
				CODE_SIGN_STYLE = Automatic;
				CURRENT_PROJECT_VERSION = 1;
				DEVELOPMENT_ASSET_PATHS = "\"swiftui-nasa/Preview Content\"";
				ENABLE_PREVIEWS = YES;
				GENERATE_INFOPLIST_FILE = YES;
				INFOPLIST_KEY_UIApplicationSceneManifest_Generation = YES;
				INFOPLIST_KEY_UIApplicationSupportsIndirectInputEvents = YES;
				INFOPLIST_KEY_UILaunchScreen_Generation = YES;
				INFOPLIST_KEY_UISupportedInterfaceOrientations_iPad = "UIInterfaceOrientationPortrait UIInterfaceOrientationPortraitUpsideDown UIInterfaceOrientationLandscapeLeft UIInterfaceOrientationLandscapeRight";
				INFOPLIST_KEY_UISupportedInterfaceOrientations_iPhone = "UIInterfaceOrientationPortrait UIInterfaceOrientationLandscapeLeft UIInterfaceOrientationLandscapeRight";
				LD_RUNPATH_SEARCH_PATHS = (
					"$(inherited)",
					"@executable_path/Frameworks",
				);
				MARKETING_VERSION = 1.0;
				PRODUCT_BUNDLE_IDENTIFIER = "repfly.swiftui-nasa";
				PRODUCT_NAME = "$(TARGET_NAME)";
				SWIFT_EMIT_LOC_STRINGS = YES;
				SWIFT_VERSION = 5.0;
				TARGETED_DEVICE_FAMILY = "1,2";
			};
			name = Release;
		};
		AF43CDF727287C6200871017 /* Debug */ = {
			isa = XCBuildConfiguration;
			baseConfigurationReference = E3E80C39535F8B2876642350 /* Pods-swiftui-nasaTests.debug.xcconfig */;
			buildSettings = {
				ALWAYS_EMBED_SWIFT_STANDARD_LIBRARIES = YES;
				BUNDLE_LOADER = "$(TEST_HOST)";
				CODE_SIGN_STYLE = Automatic;
				CURRENT_PROJECT_VERSION = 1;
				GENERATE_INFOPLIST_FILE = YES;
				IPHONEOS_DEPLOYMENT_TARGET = 15.0;
				LD_RUNPATH_SEARCH_PATHS = (
					"$(inherited)",
					"@executable_path/Frameworks",
					"@loader_path/Frameworks",
				);
				MARKETING_VERSION = 1.0;
				PRODUCT_BUNDLE_IDENTIFIER = "repfly.swiftui-nasaTests";
				PRODUCT_NAME = "$(TARGET_NAME)";
				SWIFT_EMIT_LOC_STRINGS = NO;
				SWIFT_VERSION = 5.0;
				TARGETED_DEVICE_FAMILY = "1,2";
				TEST_HOST = "$(BUILT_PRODUCTS_DIR)/swiftui-nasa.app/swiftui-nasa";
			};
			name = Debug;
		};
		AF43CDF827287C6200871017 /* Release */ = {
			isa = XCBuildConfiguration;
			baseConfigurationReference = 9C34242BC9693F559FD71F1C /* Pods-swiftui-nasaTests.release.xcconfig */;
			buildSettings = {
				ALWAYS_EMBED_SWIFT_STANDARD_LIBRARIES = YES;
				BUNDLE_LOADER = "$(TEST_HOST)";
				CODE_SIGN_STYLE = Automatic;
				CURRENT_PROJECT_VERSION = 1;
				GENERATE_INFOPLIST_FILE = YES;
				IPHONEOS_DEPLOYMENT_TARGET = 15.0;
				LD_RUNPATH_SEARCH_PATHS = (
					"$(inherited)",
					"@executable_path/Frameworks",
					"@loader_path/Frameworks",
				);
				MARKETING_VERSION = 1.0;
				PRODUCT_BUNDLE_IDENTIFIER = "repfly.swiftui-nasaTests";
				PRODUCT_NAME = "$(TARGET_NAME)";
				SWIFT_EMIT_LOC_STRINGS = NO;
				SWIFT_VERSION = 5.0;
				TARGETED_DEVICE_FAMILY = "1,2";
				TEST_HOST = "$(BUILT_PRODUCTS_DIR)/swiftui-nasa.app/swiftui-nasa";
			};
			name = Release;
		};
		AF43CDFA27287C6200871017 /* Debug */ = {
			isa = XCBuildConfiguration;
			baseConfigurationReference = 96821A3F1D4CA30AF424A565 /* Pods-swiftui-nasa-swiftui-nasaUITests.debug.xcconfig */;
			buildSettings = {
				ALWAYS_EMBED_SWIFT_STANDARD_LIBRARIES = YES;
				CODE_SIGN_STYLE = Automatic;
				CURRENT_PROJECT_VERSION = 1;
				GENERATE_INFOPLIST_FILE = YES;
				LD_RUNPATH_SEARCH_PATHS = (
					"$(inherited)",
					"@executable_path/Frameworks",
					"@loader_path/Frameworks",
				);
				MARKETING_VERSION = 1.0;
				PRODUCT_BUNDLE_IDENTIFIER = "repfly.swiftui-nasaUITests";
				PRODUCT_NAME = "$(TARGET_NAME)";
				SWIFT_EMIT_LOC_STRINGS = NO;
				SWIFT_VERSION = 5.0;
				TARGETED_DEVICE_FAMILY = "1,2";
				TEST_TARGET_NAME = "swiftui-nasa";
			};
			name = Debug;
		};
		AF43CDFB27287C6200871017 /* Release */ = {
			isa = XCBuildConfiguration;
			baseConfigurationReference = 6BAF6AA0C6DF4B484413C399 /* Pods-swiftui-nasa-swiftui-nasaUITests.release.xcconfig */;
			buildSettings = {
				ALWAYS_EMBED_SWIFT_STANDARD_LIBRARIES = YES;
				CODE_SIGN_STYLE = Automatic;
				CURRENT_PROJECT_VERSION = 1;
				GENERATE_INFOPLIST_FILE = YES;
				LD_RUNPATH_SEARCH_PATHS = (
					"$(inherited)",
					"@executable_path/Frameworks",
					"@loader_path/Frameworks",
				);
				MARKETING_VERSION = 1.0;
				PRODUCT_BUNDLE_IDENTIFIER = "repfly.swiftui-nasaUITests";
				PRODUCT_NAME = "$(TARGET_NAME)";
				SWIFT_EMIT_LOC_STRINGS = NO;
				SWIFT_VERSION = 5.0;
				TARGETED_DEVICE_FAMILY = "1,2";
				TEST_TARGET_NAME = "swiftui-nasa";
			};
			name = Release;
		};
/* End XCBuildConfiguration section */

/* Begin XCConfigurationList section */
		AF43CDCA27287C5F00871017 /* Build configuration list for PBXProject "swiftui-nasa" */ = {
			isa = XCConfigurationList;
			buildConfigurations = (
				AF43CDF127287C6200871017 /* Debug */,
				AF43CDF227287C6200871017 /* Release */,
			);
			defaultConfigurationIsVisible = 0;
			defaultConfigurationName = Release;
		};
		AF43CDF327287C6200871017 /* Build configuration list for PBXNativeTarget "swiftui-nasa" */ = {
			isa = XCConfigurationList;
			buildConfigurations = (
				AF43CDF427287C6200871017 /* Debug */,
				AF43CDF527287C6200871017 /* Release */,
			);
			defaultConfigurationIsVisible = 0;
			defaultConfigurationName = Release;
		};
		AF43CDF627287C6200871017 /* Build configuration list for PBXNativeTarget "swiftui-nasaTests" */ = {
			isa = XCConfigurationList;
			buildConfigurations = (
				AF43CDF727287C6200871017 /* Debug */,
				AF43CDF827287C6200871017 /* Release */,
			);
			defaultConfigurationIsVisible = 0;
			defaultConfigurationName = Release;
		};
		AF43CDF927287C6200871017 /* Build configuration list for PBXNativeTarget "swiftui-nasaUITests" */ = {
			isa = XCConfigurationList;
			buildConfigurations = (
				AF43CDFA27287C6200871017 /* Debug */,
				AF43CDFB27287C6200871017 /* Release */,
			);
			defaultConfigurationIsVisible = 0;
			defaultConfigurationName = Release;
		};
/* End XCConfigurationList section */

/* Begin XCRemoteSwiftPackageReference section */
		AFC39BE32729120D004244A0 /* XCRemoteSwiftPackageReference "QGrid" */ = {
			isa = XCRemoteSwiftPackageReference;
			repositoryURL = "https://github.com/Q-Mobile/QGrid";
			requirement = {
				branch = master;
				kind = branch;
			};
		};
/* End XCRemoteSwiftPackageReference section */

/* Begin XCSwiftPackageProductDependency section */
		AFC39BE42729120D004244A0 /* QGrid */ = {
			isa = XCSwiftPackageProductDependency;
			package = AFC39BE32729120D004244A0 /* XCRemoteSwiftPackageReference "QGrid" */;
			productName = QGrid;
		};
/* End XCSwiftPackageProductDependency section */
	};
	rootObject = AF43CDC727287C5F00871017 /* Project object */;
}
